{
  "requires": true,
  "lockfileVersion": 1,
  "dependencies": {
    "flexboxgrid": {
      "version": "6.3.1",
      "resolved": "https://registry.npmjs.org/flexboxgrid/-/flexboxgrid-6.3.1.tgz",
      "integrity": "sha1-6ZiYr8B7cEdyK7galYpfuk1OIP0="
    },
    "jquery": {
      "version": "3.3.1",
      "resolved": "https://registry.npmjs.org/jquery/-/jquery-3.3.1.tgz",
      "integrity": "sha512-Ubldcmxp5np52/ENotGxlLe6aGMvmF4R8S6tZjsP6Knsaxd/xp3Zrh50cG93lR6nPXyUFwzN3ZSOQI0wRJNdGg=="
    }
  }
}
